{
  "name": "MooLogic_Backend",
  "lockfileVersion": 3,
  "requires": true,
  "packages": {
    "": {
      "dependencies": {
        "zod": "^3.25.43"
      }
    },
    "node_modules/zod": {
      "version": "3.25.43",
      "resolved": "https://registry.npmjs.org/zod/-/zod-3.25.43.tgz",
      "integrity": "sha512-KrQFEkfox9WLfYCOksqEWjf97QdgSC1YJSqxJxnWz0l+BW8mN2PQ+yjshL8RC7RC5p5YOlUCLyTDNaf++QbPtA==",
      "license": "MIT",
      "funding": {
        "url": "https://github.com/sponsors/colinhacks"
      }
    }
  }
}
